Microsoft Visual Studio Solution File, Format Version 12.00
# Visual Studio Version 18
VisualStudioVersion = 18.5.11716.220 stable
MinimumVisualStudioVersion = 10.0.40219.1
Project("{2150E333-8FDC-42A3-9474-1A3956D46DE8}") = "api", "api", "{D82C56D6-B2CD-F611-9E31-04638F7EC30E}"
EndProject
Project("{FAE04EC0-301F-11D3-BF4B-00C04F79EFBC}") = "RemTool", "api\RemTool.csproj", "{CCD9CB2A-79CC-7431-246F-50E054A007B5}"
EndProject
Global
	GlobalSection(SolutionConfigurationPlatforms) = preSolution
		Debug|Any CPU = Debug|Any CPU
		Release|Any CPU = Release|Any CPU
	EndGlobalSection
	GlobalSection(ProjectConfigurationPlatforms) = postSolution
		{CCD9CB2A-79CC-7431-246F-50E054A007B5}.Debug|Any CPU.ActiveCfg = Debug|Any CPU
		{CCD9CB2A-79CC-7431-246F-50E054A007B5}.Debug|Any CPU.Build.0 = Debug|Any CPU
		{CCD9CB2A-79CC-7431-246F-50E054A007B5}.Release|Any CPU.ActiveCfg = Release|Any CPU
		{CCD9CB2A-79CC-7431-246F-50E054A007B5}.Release|Any CPU.Build.0 = Release|Any CPU
	EndGlobalSection
	GlobalSection(SolutionProperties) = preSolution
		HideSolutionNode = FALSE
	EndGlobalSection
	GlobalSection(NestedProjects) = preSolution
		{CCD9CB2A-79CC-7431-246F-50E054A007B5} = {D82C56D6-B2CD-F611-9E31-04638F7EC30E}
	EndGlobalSection
	GlobalSection(ExtensibilityGlobals) = postSolution
		SolutionGuid = {28620C0C-7C27-4116-A2DA-1C0336839C94}
	EndGlobalSection
EndGlobal
